{
  "version": 4,
  "terraform_version": "0.12.24",
  "serial": 8,
  "lineage": "6db28e97-b883-d3a1-d014-1f1324f9747a",
  "outputs": {
    "cluster-location": {
      "value": "us-central1-c",
      "type": "string"
    },
    "cluster-name": {
      "value": "kube-cluster",
      "type": "string"
    },
    "external-op": {
      "value": [
        {
          "load_balancer": [
            {
              "ingress": [
                {
                  "hostname": "",
                  "ip": "35.222.153.253"
                }
              ]
            }
          ]
        }
      ],
      "type": [
        "list",
        [
          "object",
          {
            "load_balancer": [
              "list",
              [
                "object",
                {
                  "ingress": [
                    "list",
                    [
                      "object",
                      {
                        "hostname": "string",
                        "ip": "string"
                      }
                    ]
                  ]
                }
              ]
            ]
          }
        ]
      ]
    },
    "internal-op": {
      "value": [
        {
          "load_balancer": [
            {
              "ingress": []
            }
          ]
        }
      ],
      "type": [
        "list",
        [
          "object",
          {
            "load_balancer": [
              "list",
              [
                "object",
                {
                  "ingress": [
                    "list",
                    [
                      "object",
                      {
                        "hostname": "string",
                        "ip": "string"
                      }
                    ]
                  ]
                }
              ]
            ]
          }
        ]
      ]
    }
  },
  "resources": [
    {
      "mode": "data",
      "type": "google_client_config",
      "name": "default",
      "provider": "provider.google",
      "instances": [
        {
          "schema_version": 0,
          "attributes": {
            "access_token": "ya29.a0AfH6SMAYAdWDikwPbLYxJ7a7AMUGlfeskidyN1HQiHC1JaKfkrSvRxC37dIBoXrqnwjddrzVEwyfJ13_D9LdT8H3zCaPwCqc_w7FS-WJk_RDlmdAq1meQfKAzeKbEP3D22xQjSADDLP_bBOAhzBLN4KbaQTsXtoe0WfqJMl69b9yJa8DweVf7DXnFs44EQPi2Kq4DJhv9E-ZpVbiWUnOX7TcX0b9aWXKX6mUCrrzNTjZGliOJJQwO8MB4hGX8AL2yH0FpEE",
            "id": "projects/may2021dtc113/regions/us-central1/zones/us-central1-c",
            "project": "may2021dtc113",
            "region": "us-central1",
            "zone": "us-central1-c"
          }
        }
      ]
    },
    {
      "mode": "managed",
      "type": "google_container_cluster",
      "name": "democluster",
      "provider": "provider.google",
      "instances": [
        {
          "schema_version": 1,
          "attributes": {
            "addons_config": [
              {
                "cloudrun_config": [],
                "horizontal_pod_autoscaling": [],
                "http_load_balancing": [],
                "network_policy_config": [
                  {
                    "disabled": true
                  }
                ]
              }
            ],
            "authenticator_groups_config": [],
            "cluster_autoscaling": [
              {
                "auto_provisioning_defaults": [],
                "enabled": false,
                "resource_limits": []
              }
            ],
            "cluster_ipv4_cidr": "10.92.0.0/14",
            "database_encryption": [
              {
                "key_name": "",
                "state": "DECRYPTED"
              }
            ],
            "datapath_provider": "",
            "default_max_pods_per_node": null,
            "default_snat_status": [
              {
                "disabled": false
              }
            ],
            "description": "",
            "enable_autopilot": false,
            "enable_binary_authorization": false,
            "enable_intranode_visibility": false,
            "enable_kubernetes_alpha": false,
            "enable_legacy_abac": false,
            "enable_shielded_nodes": true,
            "enable_tpu": false,
            "endpoint": "34.69.146.103",
            "id": "projects/may2021dtc113/locations/us-central1-c/clusters/kube-cluster",
            "initial_node_count": 3,
            "instance_group_urls": [
              "https://www.googleapis.com/compute/v1/projects/may2021dtc113/zones/us-central1-c/instanceGroups/gke-kube-cluster-default-pool-4d114791-grp"
            ],
            "ip_allocation_policy": [],
            "label_fingerprint": "a9dc16a7",
            "location": "us-central1-c",
            "logging_service": "logging.googleapis.com/kubernetes",
            "maintenance_policy": [],
            "master_auth": [
              {
                "client_certificate": "",
                "client_certificate_config": [
                  {
                    "issue_client_certificate": false
                  }
                ],
                "client_key": "",
                "cluster_ca_certificate": "LS0tLS1CRUdJTiBDRVJUSUZJQ0FURS0tLS0tCk1JSURLakNDQWhLZ0F3SUJBZ0lRWmcrWDhYTU14eWFwVTJsMjM1YUJEekFOQmdrcWhraUc5dzBCQVFzRkFEQXYKTVMwd0t3WURWUVFERXlRMFlUUTROV013T0Mxa05UZGlMVFJoWkRNdFlqWTBZeTFqT0RFeVpEbG1ZVFUxTXpRdwpIaGNOTWpFd05URXpNRE0xTnpRMFdoY05Nall3TlRFeU1EUTFOelEwV2pBdk1TMHdLd1lEVlFRREV5UTBZVFE0Ck5XTXdPQzFrTlRkaUxUUmhaRE10WWpZMFl5MWpPREV5WkRsbVlUVTFNelF3Z2dFaU1BMEdDU3FHU0liM0RRRUIKQVFVQUE0SUJEd0F3Z2dFS0FvSUJBUURjOGY4RFMxR0UwckwrQk94b3YvN05pR3hrckMvL0gyL3IrM3VKckFKLwpxa3gxY3MyNVZIY0lxM2hENG9jMnI4M29Pck1GZVB3aURLUTI1eVRZNzJCYXp4RDR2a1A2Q291dE9RRUpqUUQwCjVNNVVCQlMvVmJrWHBhNHNpdlhqcVFUdEpMRjR0cjRvZVNJVVYwN2JlcjMvSHNNRlZ0QWNPSDJkdzZ3aFJ1RncKL3doWVBNTWk0M0hEc3RtVUc0TjJxN2pjUC9KcGpVSk1tL2JKVEpQSXI4YnlwRnJYQUVXa0ZJVTZReFZvazQwcQpjLzU5VjNpbG0xME56MFFSSjd2ZjhpNTVlOVBoNHhTKzFtUEhhcE9Pb3lqd1hGNmdBbk9laWlSdHZldmNScjQ0CkM0dG9FMDlzaUU2bWd2NnpGNnhoZmZ5SnFYVVpIZzVWTnY2N2pFa3hRbmRaQWdNQkFBR2pRakJBTUE0R0ExVWQKRHdFQi93UUVBd0lDQkRBUEJnTlZIUk1CQWY4RUJUQURBUUgvTUIwR0ExVWREZ1FXQkJTbVcxODRwZkxDMHo2SgozYUlINXlPejJMODBOVEFOQmdrcWhraUc5dzBCQVFzRkFBT0NBUUVBMWZETjFnREhDWG4zTVRkRVBhRVNXYjd4CmxqSXh2ZCt4a05QNVRMd29hMEtLWHRyLzlVVGpjZFhpSHVESTZnbzRSSXNiUE96c25PaW9wZzh2V213c25uMGUKYjNENGhjdTFqd3hPVVNVT3B4UzJvNWwxcFYwMXBxbFNaRnVkNWJsUzgwTm45M3JIV1RSTEVtdy9jOS85Vm5vZgorWmc4UVVHNmF3QkhDZ3E3aE50NUZsUCs0SmxJdVMyc0ZSVU9oTFpJWFBPVlpwbUxURDkzRWhuN3FRcWtCTjV0CklIcGdtRnJKL2xEbHd6TmxUa01ReFZuM3cvd1FQVSs0SFFrdXZwQWwzRERNTjZFQ0dnS3VZaklJa1gxN0UzOHYKSUNaNjZUWnA4NHplR0kyTHBXN1VuUkNaV0lDWStrazJKQXE5TXJ0UDlCb2krTU9WRktvZzJUQTlpTHIyNmc9PQotLS0tLUVORCBDRVJUSUZJQ0FURS0tLS0tCg==",
                "password": "",
                "username": ""
              }
            ],
            "master_authorized_networks_config": [],
            "master_version": "1.18.17-gke.100",
            "min_master_version": null,
            "monitoring_service": "monitoring.googleapis.com/kubernetes",
            "name": "kube-cluster",
            "network": "projects/may2021dtc113/global/networks/default",
            "network_policy": [
              {
                "enabled": false,
                "provider": "PROVIDER_UNSPECIFIED"
              }
            ],
            "networking_mode": "ROUTES",
            "node_config": [
              {
                "disk_size_gb": 100,
                "disk_type": "pd-standard",
                "guest_accelerator": [],
                "image_type": "COS",
                "labels": {},
                "local_ssd_count": 0,
                "machine_type": "n1-standard-1",
                "metadata": {
                  "disable-legacy-endpoints": "true"
                },
                "min_cpu_platform": "",
                "oauth_scopes": [
                  "https://www.googleapis.com/auth/logging.write",
                  "https://www.googleapis.com/auth/monitoring"
                ],
                "preemptible": true,
                "service_account": "default",
                "shielded_instance_config": [
                  {
                    "enable_integrity_monitoring": true,
                    "enable_secure_boot": false
                  }
                ],
                "tags": [],
                "taint": [],
                "workload_metadata_config": []
              }
            ],
            "node_locations": [],
            "node_pool": [
              {
                "autoscaling": [],
                "initial_node_count": 3,
                "instance_group_urls": [
                  "https://www.googleapis.com/compute/v1/projects/may2021dtc113/zones/us-central1-c/instanceGroupManagers/gke-kube-cluster-default-pool-4d114791-grp"
                ],
                "management": [
                  {
                    "auto_repair": true,
                    "auto_upgrade": true
                  }
                ],
                "max_pods_per_node": 0,
                "name": "default-pool",
                "name_prefix": "",
                "node_config": [
                  {
                    "disk_size_gb": 100,
                    "disk_type": "pd-standard",
                    "guest_accelerator": [],
                    "image_type": "COS",
                    "labels": {},
                    "local_ssd_count": 0,
                    "machine_type": "n1-standard-1",
                    "metadata": {
                      "disable-legacy-endpoints": "true"
                    },
                    "min_cpu_platform": "",
                    "oauth_scopes": [
                      "https://www.googleapis.com/auth/logging.write",
                      "https://www.googleapis.com/auth/monitoring"
                    ],
                    "preemptible": true,
                    "service_account": "default",
                    "shielded_instance_config": [
                      {
                        "enable_integrity_monitoring": true,
                        "enable_secure_boot": false
                      }
                    ],
                    "tags": [],
                    "taint": [],
                    "workload_metadata_config": []
                  }
                ],
                "node_count": 3,
                "node_locations": [
                  "us-central1-c"
                ],
                "upgrade_settings": [
                  {
                    "max_surge": 1,
                    "max_unavailable": 0
                  }
                ],
                "version": "1.18.17-gke.100"
              }
            ],
            "node_version": "1.18.17-gke.100",
            "operation": null,
            "pod_security_policy_config": [],
            "private_cluster_config": [],
            "private_ipv6_google_access": "",
            "project": "may2021dtc113",
            "release_channel": [
              {
                "channel": "REGULAR"
              }
            ],
            "remove_default_node_pool": null,
            "resource_labels": {},
            "resource_usage_export_config": [],
            "self_link": "https://container.googleapis.com/v1beta1/projects/may2021dtc113/zones/us-central1-c/clusters/kube-cluster",
            "services_ipv4_cidr": "10.95.240.0/20",
            "subnetwork": "projects/may2021dtc113/regions/us-central1/subnetworks/default",
            "timeouts": null,
            "tpu_ipv4_cidr_block": "",
            "vertical_pod_autoscaling": [],
            "workload_identity_config": []
          },
          "private": "eyJlMmJmYjczMC1lY2FhLTExZTYtOGY4OC0zNDM2M2JjN2M0YzAiOnsiY3JlYXRlIjoyNDAwMDAwMDAwMDAwLCJkZWxldGUiOjI0MDAwMDAwMDAwMDAsInJlYWQiOjI0MDAwMDAwMDAwMDAsInVwZGF0ZSI6MzYwMDAwMDAwMDAwMH0sInNjaGVtYV92ZXJzaW9uIjoiMSJ9"
        }
      ]
    },
    {
      "mode": "managed",
      "type": "kubernetes_deployment",
      "name": "external-deployment",
      "provider": "provider.kubernetes",
      "instances": [
        {
          "schema_version": 1,
          "attributes": {
            "id": "developer/external-deploy",
            "metadata": [
              {
                "annotations": {},
                "generate_name": "",
                "generation": 1,
                "labels": {},
                "name": "external-deploy",
                "namespace": "developer",
                "resource_version": "1249",
                "self_link": "",
                "uid": "313f9475-eb87-44ab-89fe-96d833739d78"
              }
            ],
            "spec": [
              {
                "min_ready_seconds": 0,
                "paused": false,
                "progress_deadline_seconds": 600,
                "replicas": "2",
                "revision_history_limit": 10,
                "selector": [
                  {
                    "match_expressions": [],
                    "match_labels": {
                      "App": "external"
                    }
                  }
                ],
                "strategy": [
                  {
                    "rolling_update": [
                      {
                        "max_surge": "25%",
                        "max_unavailable": "25%"
                      }
                    ],
                    "type": "RollingUpdate"
                  }
                ],
                "template": [
                  {
                    "metadata": [
                      {
                        "annotations": {},
                        "generate_name": "",
                        "generation": 0,
                        "labels": {
                          "App": "external"
                        },
                        "name": "",
                        "namespace": "",
                        "resource_version": "",
                        "self_link": "",
                        "uid": ""
                      }
                    ],
                    "spec": [
                      {
                        "active_deadline_seconds": 0,
                        "affinity": [],
                        "automount_service_account_token": true,
                        "container": [
                          {
                            "args": [],
                            "command": [],
                            "env": [
                              {
                                "name": "SERVER",
                                "value": "http://internal-svc:8082",
                                "value_from": []
                              }
                            ],
                            "env_from": [],
                            "image": "jsarvabhowma/externalapp:v2",
                            "image_pull_policy": "IfNotPresent",
                            "lifecycle": [],
                            "liveness_probe": [],
                            "name": "external-container",
                            "port": [
                              {
                                "container_port": 8080,
                                "host_ip": "",
                                "host_port": 0,
                                "name": "",
                                "protocol": "TCP"
                              }
                            ],
                            "readiness_probe": [],
                            "resources": [
                              {
                                "limits": null,
                                "requests": null
                              }
                            ],
                            "security_context": [],
                            "startup_probe": [],
                            "stdin": false,
                            "stdin_once": false,
                            "termination_message_path": "/dev/termination-log",
                            "termination_message_policy": "File",
                            "tty": false,
                            "volume_mount": [],
                            "working_dir": ""
                          }
                        ],
                        "dns_config": [],
                        "dns_policy": "ClusterFirst",
                        "enable_service_links": true,
                        "host_aliases": [],
                        "host_ipc": false,
                        "host_network": false,
                        "host_pid": false,
                        "hostname": "",
                        "image_pull_secrets": [],
                        "init_container": [],
                        "node_name": "",
                        "node_selector": {},
                        "priority_class_name": "",
                        "readiness_gate": [],
                        "restart_policy": "Always",
                        "security_context": [],
                        "service_account_name": "",
                        "share_process_namespace": false,
                        "subdomain": "",
                        "termination_grace_period_seconds": 30,
                        "toleration": [],
                        "topology_spread_constraint": [],
                        "volume": []
                      }
                    ]
                  }
                ]
              }
            ],
            "timeouts": null,
            "wait_for_rollout": true
          },
          "private": "eyJlMmJmYjczMC1lY2FhLTExZTYtOGY4OC0zNDM2M2JjN2M0YzAiOnsiY3JlYXRlIjo2MDAwMDAwMDAwMDAsImRlbGV0ZSI6NjAwMDAwMDAwMDAwLCJ1cGRhdGUiOjYwMDAwMDAwMDAwMH0sInNjaGVtYV92ZXJzaW9uIjoiMSJ9",
          "dependencies": [
            "google_container_cluster.democluster",
            "kubernetes_namespace.ns"
          ]
        }
      ]
    },
    {
      "mode": "managed",
      "type": "kubernetes_deployment",
      "name": "internal-deployment",
      "provider": "provider.kubernetes",
      "instances": [
        {
          "schema_version": 1,
          "attributes": {
            "id": "developer/internal-deploy",
            "metadata": [
              {
                "annotations": {},
                "generate_name": "",
                "generation": 1,
                "labels": {},
                "name": "internal-deploy",
                "namespace": "developer",
                "resource_version": "1233",
                "self_link": "",
                "uid": "614bfa6c-2504-4c37-9448-fc64c729974a"
              }
            ],
            "spec": [
              {
                "min_ready_seconds": 0,
                "paused": false,
                "progress_deadline_seconds": 600,
                "replicas": "2",
                "revision_history_limit": 10,
                "selector": [
                  {
                    "match_expressions": [],
                    "match_labels": {
                      "App": "internal"
                    }
                  }
                ],
                "strategy": [
                  {
                    "rolling_update": [
                      {
                        "max_surge": "25%",
                        "max_unavailable": "25%"
                      }
                    ],
                    "type": "RollingUpdate"
                  }
                ],
                "template": [
                  {
                    "metadata": [
                      {
                        "annotations": {},
                        "generate_name": "",
                        "generation": 0,
                        "labels": {
                          "App": "internal"
                        },
                        "name": "",
                        "namespace": "",
                        "resource_version": "",
                        "self_link": "",
                        "uid": ""
                      }
                    ],
                    "spec": [
                      {
                        "active_deadline_seconds": 0,
                        "affinity": [],
                        "automount_service_account_token": true,
                        "container": [
                          {
                            "args": [],
                            "command": [],
                            "env": [],
                            "env_from": [],
                            "image": "jsarvabhowma/internalapp:v1",
                            "image_pull_policy": "IfNotPresent",
                            "lifecycle": [],
                            "liveness_probe": [],
                            "name": "internal-container",
                            "port": [
                              {
                                "container_port": 8082,
                                "host_ip": "",
                                "host_port": 0,
                                "name": "",
                                "protocol": "TCP"
                              }
                            ],
                            "readiness_probe": [],
                            "resources": [
                              {
                                "limits": null,
                                "requests": null
                              }
                            ],
                            "security_context": [],
                            "startup_probe": [],
                            "stdin": false,
                            "stdin_once": false,
                            "termination_message_path": "/dev/termination-log",
                            "termination_message_policy": "File",
                            "tty": false,
                            "volume_mount": [],
                            "working_dir": ""
                          }
                        ],
                        "dns_config": [],
                        "dns_policy": "ClusterFirst",
                        "enable_service_links": true,
                        "host_aliases": [],
                        "host_ipc": false,
                        "host_network": false,
                        "host_pid": false,
                        "hostname": "",
                        "image_pull_secrets": [],
                        "init_container": [],
                        "node_name": "",
                        "node_selector": {},
                        "priority_class_name": "",
                        "readiness_gate": [],
                        "restart_policy": "Always",
                        "security_context": [],
                        "service_account_name": "",
                        "share_process_namespace": false,
                        "subdomain": "",
                        "termination_grace_period_seconds": 30,
                        "toleration": [],
                        "topology_spread_constraint": [],
                        "volume": []
                      }
                    ]
                  }
                ]
              }
            ],
            "timeouts": null,
            "wait_for_rollout": true
          },
          "private": "eyJlMmJmYjczMC1lY2FhLTExZTYtOGY4OC0zNDM2M2JjN2M0YzAiOnsiY3JlYXRlIjo2MDAwMDAwMDAwMDAsImRlbGV0ZSI6NjAwMDAwMDAwMDAwLCJ1cGRhdGUiOjYwMDAwMDAwMDAwMH0sInNjaGVtYV92ZXJzaW9uIjoiMSJ9",
          "dependencies": [
            "google_container_cluster.democluster",
            "kubernetes_namespace.ns"
          ]
        }
      ]
    },
    {
      "mode": "managed",
      "type": "kubernetes_namespace",
      "name": "ns",
      "provider": "provider.kubernetes",
      "instances": [
        {
          "schema_version": 0,
          "attributes": {
            "id": "developer",
            "metadata": [
              {
                "annotations": {},
                "generate_name": "",
                "generation": 0,
                "labels": {},
                "name": "developer",
                "resource_version": "888",
                "self_link": "",
                "uid": "f36de094-5770-458e-a638-7833757ff087"
              }
            ],
            "timeouts": null
          },
          "private": "eyJlMmJmYjczMC1lY2FhLTExZTYtOGY4OC0zNDM2M2JjN2M0YzAiOnsiZGVsZXRlIjozMDAwMDAwMDAwMDB9fQ==",
          "dependencies": [
            "google_container_cluster.democluster"
          ]
        }
      ]
    },
    {
      "mode": "managed",
      "type": "kubernetes_service",
      "name": "external",
      "provider": "provider.kubernetes",
      "instances": [
        {
          "schema_version": 1,
          "attributes": {
            "id": "developer/external-svc",
            "metadata": [
              {
                "annotations": {},
                "generate_name": "",
                "generation": 0,
                "labels": {},
                "name": "external-svc",
                "namespace": "developer",
                "resource_version": "1657",
                "self_link": "",
                "uid": "91d83e76-e0ff-441d-a70b-f5d049a18809"
              }
            ],
            "spec": [
              {
                "cluster_ip": "10.95.252.151",
                "external_ips": [],
                "external_name": "",
                "external_traffic_policy": "Cluster",
                "health_check_node_port": 0,
                "load_balancer_ip": "",
                "load_balancer_source_ranges": [],
                "port": [
                  {
                    "name": "",
                    "node_port": 30727,
                    "port": 8080,
                    "protocol": "TCP",
                    "target_port": "8080"
                  }
                ],
                "publish_not_ready_addresses": false,
                "selector": {
                  "App": "external"
                },
                "session_affinity": "None",
                "type": "LoadBalancer"
              }
            ],
            "status": [
              {
                "load_balancer": [
                  {
                    "ingress": [
                      {
                        "hostname": "",
                        "ip": "35.222.153.253"
                      }
                    ]
                  }
                ]
              }
            ],
            "timeouts": null,
            "wait_for_load_balancer": true
          },
          "private": "eyJlMmJmYjczMC1lY2FhLTExZTYtOGY4OC0zNDM2M2JjN2M0YzAiOnsiY3JlYXRlIjo2MDAwMDAwMDAwMDB9LCJzY2hlbWFfdmVyc2lvbiI6IjEifQ==",
          "dependencies": [
            "google_container_cluster.democluster",
            "kubernetes_deployment.external-deployment",
            "kubernetes_namespace.ns"
          ]
        }
      ]
    },
    {
      "mode": "managed",
      "type": "kubernetes_service",
      "name": "internal",
      "provider": "provider.kubernetes",
      "instances": [
        {
          "schema_version": 1,
          "attributes": {
            "id": "developer/internal-svc",
            "metadata": [
              {
                "annotations": {},
                "generate_name": "",
                "generation": 0,
                "labels": {},
                "name": "internal-svc",
                "namespace": "developer",
                "resource_version": "1272",
                "self_link": "",
                "uid": "ba9e4771-7742-4942-b9ad-8cbeedc24335"
              }
            ],
            "spec": [
              {
                "cluster_ip": "10.95.249.225",
                "external_ips": [],
                "external_name": "",
                "external_traffic_policy": "",
                "health_check_node_port": 0,
                "load_balancer_ip": "",
                "load_balancer_source_ranges": [],
                "port": [
                  {
                    "name": "",
                    "node_port": 0,
                    "port": 8082,
                    "protocol": "TCP",
                    "target_port": "8082"
                  }
                ],
                "publish_not_ready_addresses": false,
                "selector": {
                  "App": "internal"
                },
                "session_affinity": "None",
                "type": "ClusterIP"
              }
            ],
            "status": [
              {
                "load_balancer": [
                  {
                    "ingress": []
                  }
                ]
              }
            ],
            "timeouts": null,
            "wait_for_load_balancer": true
          },
          "private": "eyJlMmJmYjczMC1lY2FhLTExZTYtOGY4OC0zNDM2M2JjN2M0YzAiOnsiY3JlYXRlIjo2MDAwMDAwMDAwMDB9LCJzY2hlbWFfdmVyc2lvbiI6IjEifQ==",
          "dependencies": [
            "google_container_cluster.democluster",
            "kubernetes_deployment.internal-deployment",
            "kubernetes_namespace.ns"
          ]
        }
      ]
    }
  ]
}
